
Microsoft Visual Studio Solution File, Format Version 12.00
# Visual Studio Version 17
VisualStudioVersion = 17.8.34322.80
MinimumVisualStudioVersion = 10.0.40219.1
Project("{FAE04EC0-301F-11D3-BF4B-00C04F79EFBC}") = "Blackjack.Server", "Blackjack.Server\Blackjack.Server.csproj", "{340F3574-49F2-4375-B840-F2198A116F40}"
EndProject
Project("{54A90642-561A-4BB1-A94E-469ADEE60C69}") = "blackjack.client", "blackjack.client\blackjack.client.esproj", "{9BF485AA-0CDA-4EB3-AB22-BED670A8238C}"
EndProject
Global
	GlobalSection(SolutionConfigurationPlatforms) = preSolution
		Debug|Any CPU = Debug|Any CPU
		Release|Any CPU = Release|Any CPU
	EndGlobalSection
	GlobalSection(ProjectConfigurationPlatforms) = postSolution
		{340F3574-49F2-4375-B840-F2198A116F40}.Debug|Any CPU.ActiveCfg = Debug|Any CPU
		{340F3574-49F2-4375-B840-F2198A116F40}.Debug|Any CPU.Build.0 = Debug|Any CPU
		{340F3574-49F2-4375-B840-F2198A116F40}.Release|Any CPU.ActiveCfg = Release|Any CPU
		{340F3574-49F2-4375-B840-F2198A116F40}.Release|Any CPU.Build.0 = Release|Any CPU
		{9BF485AA-0CDA-4EB3-AB22-BED670A8238C}.Debug|Any CPU.ActiveCfg = Debug|Any CPU
		{9BF485AA-0CDA-4EB3-AB22-BED670A8238C}.Debug|Any CPU.Build.0 = Debug|Any CPU
		{9BF485AA-0CDA-4EB3-AB22-BED670A8238C}.Debug|Any CPU.Deploy.0 = Debug|Any CPU
		{9BF485AA-0CDA-4EB3-AB22-BED670A8238C}.Release|Any CPU.ActiveCfg = Release|Any CPU
		{9BF485AA-0CDA-4EB3-AB22-BED670A8238C}.Release|Any CPU.Build.0 = Release|Any CPU
		{9BF485AA-0CDA-4EB3-AB22-BED670A8238C}.Release|Any CPU.Deploy.0 = Release|Any CPU
	EndGlobalSection
	GlobalSection(SolutionProperties) = preSolution
		HideSolutionNode = FALSE
	EndGlobalSection
	GlobalSection(ExtensibilityGlobals) = postSolution
		SolutionGuid = {8E7005F9-0C62-49E2-9271-12CD9DC870FF}
	EndGlobalSection
EndGlobal
